# Generated by deploy/build_wheels.sh --relock. Do not edit by hand.
# Every package of the offline bundle (CPython 3.9, linux x86_64), pinned by
# version and sha256. Installed with pip --require-hashes.
altair==5.5.0 \
    --hash=sha256:91a310b926508d560fe0148d02a194f38b824122641ef528113d029fcd129f8c
attrs==26.1.0 \
    --hash=sha256:c647aa4a12dfbad9333ca4e71fe62ddc36f4e63b2d260a37a8b83d2f043ac309
blinker==1.9.0 \
    --hash=sha256:ba0efaa9080b619ff2f3459d1d500c57bddea4a6b424b60a91141db6fd2f08bc
cachetools==6.2.6 \
    --hash=sha256:8c9717235b3c651603fff0076db52d6acbfd1b338b8ed50256092f7ce9c85bda
certifi==2026.7.22 \
    --hash=sha256:62f22742b58a1a33014a2b6b706588a8d7e2a88ae7bd1a6ebe8c992928483775
charset-normalizer==3.5.1 \
    --hash=sha256:789b8982559ae28dad2356519f841655756cdcd96616410590ae0b17454ee64f
click==8.1.8 \
    --hash=sha256:63c132bbbed01578a06712a2d1f497bb62d9c1c0d329b7903a866228027263b2
gitdb==4.0.12 \
    --hash=sha256:67073e15955400952c6565cc3e707c554a4eea2e428946f7a4c162fab9bd9bcf
gitpython==3.1.62 \
    --hash=sha256:7002251225e10e29d2e1f49e6532613fe5d5d9f0b6f1f02997a52b38fe56899e
idna==3.20 \
    --hash=sha256:ab7ae7122974553370f0bdb919e1a960b2cd1bc1ef0276416d896db81c14582c
jinja2==3.1.6 \
    --hash=sha256:85ece4451f492d0c13c5dd7c13a64681a86afae63a5f347908daf103ce6d2f67
jsonschema==4.25.1 \
    --hash=sha256:3fba0169e345c7175110351d456342c364814cfcf3b964ba4587f22915230a63
jsonschema-specifications==2025.9.1 \
    --hash=sha256:98802fee3a11ee76ecaca44429fda8a41bff98b00a0f2838151b113f210cc6fe
markupsafe==3.0.3 \
    --hash=sha256:e8fc20152abba6b83724d7ff268c249fa196d8259ff481f3b1476383f8f24e42
narwhals==2.21.0 \
    --hash=sha256:1e6617d0fca68ae1fda29e5397c4eaacd3ffc9fffe6bcd6ded0c690475e853be
numpy==2.0.2 \
    --hash=sha256:f26b258c385842546006213344c50655ff1555a9338e2e5e02a0756dc3e803dd
packaging==25.0 \
    --hash=sha256:29572ef2b1f17581046b3a2227d5c611fb25ec70ca1ba8554b24b0e69331a484
pandas==2.3.2 \
    --hash=sha256:77cefe00e1b210f9c76c697fedd8fdb8d3dd86563e9c8adc9fa72b90f5e9e4c2
pillow==11.3.0 \
    --hash=sha256:6359a3bc43f57d5b375d1ad54a0074318a0844d11b76abccf478c37c986d3cfc
protobuf==6.33.6 \
    --hash=sha256:e9db7e292e0ab79dd108d7f1a94fe31601ce1ee3f7b79e0692043423020b0593
pyarrow==20.0.0 \
    --hash=sha256:11529a2283cb1f6271d7c23e4a8f9f8b7fd173f7360776b668e509d712a02eec
pydeck==0.9.3 \
    --hash=sha256:d8a47c11c81fb12d51b1feb42427ff4f0e13cb599e48931021b2cba98b6849a6
python-dateutil==2.9.0.post0 \
    --hash=sha256:a8b2bc7bffae282281c8140a97d3aa9c14da0b136dfe83f850eea9a5f7470427
pytz==2026.4 \
    --hash=sha256:9d514388fbc89ca0833203464272ac485b8828568ab73532f5020f17e892a0ff
referencing==0.36.2 \
    --hash=sha256:e8699adbbf8b5c7de96d8ffa0eb5c158b3beafce084968e2ea8bb08c6794dcd0
requests==2.32.5 \
    --hash=sha256:2462f94637a34fd532264295e186976db0f5d453d1cdd31473c85a6a161affb6
rpds-py==0.27.1 \
    --hash=sha256:2fd50659a069c15eef8aa3d64bbef0d69fd27bb4a50c9ab4f17f83a16cbf8905
six==1.17.0 \
    --hash=sha256:4721f391ed90541fddacab5acf947aa0d3dc7d27b2e1e8eda2be8970586c3274
smmap==5.0.3 \
    --hash=sha256:c106e05d5a61449cf6ba9a1e650227ecfb141590d2a98412103ff35d89fc7b2f
streamlit==1.50.0 \
    --hash=sha256:9403b8f94c0a89f80cf679c2fcc803d9a6951e0fba542e7611995de3f67b4bb3
tenacity==9.1.2 \
    --hash=sha256:f77bf36710d8b73a50b2dd155c97b870017ad21afe6ab300326b0371b3b05138
toml==0.10.2 \
    --hash=sha256:806143ae5bfb6a3c6e736a764057db0e6a0e05e338b5630894a5f779cabb4f9b
tornado==6.5.10 \
    --hash=sha256:bdf942448169e5336451d0494d7e3d81cfa726d5aa312affdc4682dd62a62f6d
typing-extensions==4.16.0 \
    --hash=sha256:481caa481374e813c1b176ada14e97f1f67a4539ce9cfeb3f350d78d6370c2e8
tzdata==2026.4 \
    --hash=sha256:c2169a8b0a7a5e9674da5a135ccdfb2b3e671b333ed9fed17b41f73c34476e81
urllib3==2.6.3 \
    --hash=sha256:bf272323e553dfb2e87d9bfd225ca7b0f467b919d7bbd355436d3fd37cb0acd4
